
Microsoft Visual Studio Solution File, Format Version 12.00
# Visual Studio 15
VisualStudioVersion = 15.0.28307.271
MinimumVisualStudioVersion = 10.0.40219.1
Project("{8BC9CEB8-8B4A-11D0-8D11-00A0C91BC942}") = "opencv_TextRotate", "opencv_TextRotate\opencv_TextRotate.vcxproj", "{0C16E764-0BF7-4B3B-A17F-1B5EEFE47216}"
EndProject
Global
	GlobalSection(SolutionConfigurationPlatforms) = preSolution
		Debug|x64 = Debug|x64
		Debug|x86 = Debug|x86
		Release|x64 = Release|x64
		Release|x86 = Release|x86
	EndGlobalSection
	GlobalSection(ProjectConfigurationPlatforms) = postSolution
		{0C16E764-0BF7-4B3B-A17F-1B5EEFE47216}.Debug|x64.ActiveCfg = Debug|x64
		{0C16E764-0BF7-4B3B-A17F-1B5EEFE47216}.Debug|x64.Build.0 = Debug|x64
		{0C16E764-0BF7-4B3B-A17F-1B5EEFE47216}.Debug|x86.ActiveCfg = Debug|Win32
		{0C16E764-0BF7-4B3B-A17F-1B5EEFE47216}.Debug|x86.Build.0 = Debug|Win32
		{0C16E764-0BF7-4B3B-A17F-1B5EEFE47216}.Release|x64.ActiveCfg = Release|x64
		{0C16E764-0BF7-4B3B-A17F-1B5EEFE47216}.Release|x64.Build.0 = Release|x64
		{0C16E764-0BF7-4B3B-A17F-1B5EEFE47216}.Release|x86.ActiveCfg = Release|Win32
		{0C16E764-0BF7-4B3B-A17F-1B5EEFE47216}.Release|x86.Build.0 = Release|Win32
	EndGlobalSection
	GlobalSection(SolutionProperties) = preSolution
		HideSolutionNode = FALSE
	EndGlobalSection
	GlobalSection(ExtensibilityGlobals) = postSolution
		SolutionGuid = {550CDA2C-642D-41CE-93C7-68D5C80E0B36}
	EndGlobalSection
EndGlobal
