
Microsoft Visual Studio Solution File, Format Version 12.00
# Visual Studio Version 16
VisualStudioVersion = 16.0.28803.352
MinimumVisualStudioVersion = 10.0.40219.1
Project("{8BC9CEB8-8B4A-11D0-8D11-00A0C91BC942}") = "opencv_018", "opencv_018\opencv_018.vcxproj", "{8C8D0225-7673-4187-982F-D8D8A213AF33}"
EndProject
Global
	GlobalSection(SolutionConfigurationPlatforms) = preSolution
		Debug|x64 = Debug|x64
		Debug|x86 = Debug|x86
		Release|x64 = Release|x64
		Release|x86 = Release|x86
	EndGlobalSection
	GlobalSection(ProjectConfigurationPlatforms) = postSolution
		{8C8D0225-7673-4187-982F-D8D8A213AF33}.Debug|x64.ActiveCfg = Debug|x64
		{8C8D0225-7673-4187-982F-D8D8A213AF33}.Debug|x64.Build.0 = Debug|x64
		{8C8D0225-7673-4187-982F-D8D8A213AF33}.Debug|x86.ActiveCfg = Debug|Win32
		{8C8D0225-7673-4187-982F-D8D8A213AF33}.Debug|x86.Build.0 = Debug|Win32
		{8C8D0225-7673-4187-982F-D8D8A213AF33}.Release|x64.ActiveCfg = Release|x64
		{8C8D0225-7673-4187-982F-D8D8A213AF33}.Release|x64.Build.0 = Release|x64
		{8C8D0225-7673-4187-982F-D8D8A213AF33}.Release|x86.ActiveCfg = Release|Win32
		{8C8D0225-7673-4187-982F-D8D8A213AF33}.Release|x86.Build.0 = Release|Win32
	EndGlobalSection
	GlobalSection(SolutionProperties) = preSolution
		HideSolutionNode = FALSE
	EndGlobalSection
	GlobalSection(ExtensibilityGlobals) = postSolution
		SolutionGuid = {28D4AE75-7222-4494-B0E3-3F03AB5A8261}
	EndGlobalSection
EndGlobal
